
Microsoft Visual Studio Solution File, Format Version 12.00
# Visual Studio Version 16
VisualStudioVersion = 16.0.31321.278
MinimumVisualStudioVersion = 10.0.40219.1
Project("{FAE04EC0-301F-11D3-BF4B-00C04F79EFBC}") = "GraphQLTesting", "GraphQLTesting.csproj", "{D58256A7-3ABE-4E51-A6C6-FB205ED6F999}"
EndProject
Global
	GlobalSection(SolutionConfigurationPlatforms) = preSolution
		Debug|Any CPU = Debug|Any CPU
		Release|Any CPU = Release|Any CPU
	EndGlobalSection
	GlobalSection(ProjectConfigurationPlatforms) = postSolution
		{D58256A7-3ABE-4E51-A6C6-FB205ED6F999}.Debug|Any CPU.ActiveCfg = Debug|Any CPU
		{D58256A7-3ABE-4E51-A6C6-FB205ED6F999}.Debug|Any CPU.Build.0 = Debug|Any CPU
		{D58256A7-3ABE-4E51-A6C6-FB205ED6F999}.Release|Any CPU.ActiveCfg = Release|Any CPU
		{D58256A7-3ABE-4E51-A6C6-FB205ED6F999}.Release|Any CPU.Build.0 = Release|Any CPU
	EndGlobalSection
	GlobalSection(SolutionProperties) = preSolution
		HideSolutionNode = FALSE
	EndGlobalSection
	GlobalSection(ExtensibilityGlobals) = postSolution
		SolutionGuid = {016C826F-921A-4E04-9D8B-3B3EE0DDB0B2}
	EndGlobalSection
EndGlobal
